
Microsoft Visual Studio Solution File, Format Version 12.00
# Visual Studio 15
VisualStudioVersion = 15.0.28307.705
MinimumVisualStudioVersion = 10.0.40219.1
Project("{FAE04EC0-301F-11D3-BF4B-00C04F79EFBC}") = "IntCodeComputerGraphical", "IntCodeComputerGraphical\IntCodeComputerGraphical.csproj", "{F3B8F6B1-B793-48D2-8EDF-F3F35169EFAA}"
EndProject
Global
	GlobalSection(SolutionConfigurationPlatforms) = preSolution
		Debug|x86 = Debug|x86
		Release|x86 = Release|x86
	EndGlobalSection
	GlobalSection(ProjectConfigurationPlatforms) = postSolution
		{F3B8F6B1-B793-48D2-8EDF-F3F35169EFAA}.Debug|x86.ActiveCfg = Debug|x86
		{F3B8F6B1-B793-48D2-8EDF-F3F35169EFAA}.Debug|x86.Build.0 = Debug|x86
		{F3B8F6B1-B793-48D2-8EDF-F3F35169EFAA}.Release|x86.ActiveCfg = Release|x86
		{F3B8F6B1-B793-48D2-8EDF-F3F35169EFAA}.Release|x86.Build.0 = Release|x86
	EndGlobalSection
	GlobalSection(SolutionProperties) = preSolution
		HideSolutionNode = FALSE
	EndGlobalSection
	GlobalSection(ExtensibilityGlobals) = postSolution
		SolutionGuid = {6310B198-357F-4BE2-831F-63FD74629868}
	EndGlobalSection
EndGlobal
