
Microsoft Visual Studio Solution File, Format Version 12.00
# Visual Studio 15
VisualStudioVersion = 15.0.28307.705
MinimumVisualStudioVersion = 10.0.40219.1
Project("{FAE04EC0-301F-11D3-BF4B-00C04F79EFBC}") = "IntCodeComputer", "IntCodeComputer\IntCodeComputer.csproj", "{6EEDFCFF-8DF2-4517-9535-08D1F427A706}"
EndProject
Project("{FAE04EC0-301F-11D3-BF4B-00C04F79EFBC}") = "IntCodeComputerTests", "IntCodeComputerTests\IntCodeComputerTests.csproj", "{0A0AFEF1-383D-4E44-B74D-3BFB65D657B5}"
	ProjectSection(ProjectDependencies) = postProject
		{6EEDFCFF-8DF2-4517-9535-08D1F427A706} = {6EEDFCFF-8DF2-4517-9535-08D1F427A706}
	EndProjectSection
EndProject
Global
	GlobalSection(SolutionConfigurationPlatforms) = preSolution
		Debug|Any CPU = Debug|Any CPU
		Release|Any CPU = Release|Any CPU
	EndGlobalSection
	GlobalSection(ProjectConfigurationPlatforms) = postSolution
		{6EEDFCFF-8DF2-4517-9535-08D1F427A706}.Debug|Any CPU.ActiveCfg = Debug|Any CPU
		{6EEDFCFF-8DF2-4517-9535-08D1F427A706}.Debug|Any CPU.Build.0 = Debug|Any CPU
		{6EEDFCFF-8DF2-4517-9535-08D1F427A706}.Release|Any CPU.ActiveCfg = Release|Any CPU
		{6EEDFCFF-8DF2-4517-9535-08D1F427A706}.Release|Any CPU.Build.0 = Release|Any CPU
		{0A0AFEF1-383D-4E44-B74D-3BFB65D657B5}.Debug|Any CPU.ActiveCfg = Debug|Any CPU
		{0A0AFEF1-383D-4E44-B74D-3BFB65D657B5}.Debug|Any CPU.Build.0 = Debug|Any CPU
		{0A0AFEF1-383D-4E44-B74D-3BFB65D657B5}.Release|Any CPU.ActiveCfg = Release|Any CPU
		{0A0AFEF1-383D-4E44-B74D-3BFB65D657B5}.Release|Any CPU.Build.0 = Release|Any CPU
	EndGlobalSection
	GlobalSection(SolutionProperties) = preSolution
		HideSolutionNode = FALSE
	EndGlobalSection
	GlobalSection(ExtensibilityGlobals) = postSolution
		SolutionGuid = {1C3B030B-9AEF-47BF-9336-150F7C854CFB}
	EndGlobalSection
EndGlobal
